
Microsoft Visual Studio Solution File, Format Version 12.00
# Visual Studio Version 17
VisualStudioVersion = 17.0.31903.59
MinimumVisualStudioVersion = 10.0.40219.1
Project("{2150E333-8FDC-42A3-9474-1A3956D46DE8}") = "src", "src", "{827E0CD3-B72D-47B6-A68D-7590B98EB39B}"
EndProject
Project("{2150E333-8FDC-42A3-9474-1A3956D46DE8}") = "BuildingBlocks", "BuildingBlocks", "{90298CBA-BD6F-3A0A-69D5-97CAD7B05E7E}"
EndProject
Project("{2150E333-8FDC-42A3-9474-1A3956D46DE8}") = "RabbitMQ", "RabbitMQ", "{9B0ADD98-0E63-9750-280A-48342DDF7C47}"
EndProject
Project("{FAE04EC0-301F-11D3-BF4B-00C04F79EFBC}") = "BuildingBlocks.RabbitMQ", "src\BuildingBlocks\RabbitMQ\BuildingBlocks.RabbitMQ\BuildingBlocks.RabbitMQ.csproj", "{97D99739-9ED0-44FE-BA65-DA7481943713}"
EndProject
Project("{FAE04EC0-301F-11D3-BF4B-00C04F79EFBC}") = "BuildingBlocks.MassTransit", "src\BuildingBlocks\MassTransit\BuildingBlocks.MassTransit\BuildingBlocks.MassTransit.csproj", "{A5E877BC-15B7-444D-8C48-A06E37F36C42}"
EndProject
Project("{2150E333-8FDC-42A3-9474-1A3956D46DE8}") = "Services", "Services", "{984BB9B3-3FA3-BE33-9484-CAC21695A33C}"
EndProject
Project("{2150E333-8FDC-42A3-9474-1A3956D46DE8}") = "Booking", "Booking", "{4123167B-43F7-B7D6-9F7F-37C16FB29096}"
EndProject
Project("{2150E333-8FDC-42A3-9474-1A3956D46DE8}") = "Booking.Core", "Booking.Core", "{055958FA-12D9-F84C-B808-F969C633E4FB}"
EndProject
Project("{FAE04EC0-301F-11D3-BF4B-00C04F79EFBC}") = "Booking.Core", "src\Services\Booking\Booking.Core\Booking.Core\Booking.Core.csproj", "{6371007C-D778-4AFF-92BE-1D2C226B6244}"
EndProject
Project("{FAE04EC0-301F-11D3-BF4B-00C04F79EFBC}") = "Booking.Infrastructure", "src\Services\Booking\Booking.Infrastructure\Booking.Infrastructure\Booking.Infrastructure.csproj", "{A4547A8C-CFEE-4439-AECA-E33516284B97}"
EndProject
Project("{FAE04EC0-301F-11D3-BF4B-00C04F79EFBC}") = "Booking.Application", "src\Services\Booking\Booking.Application\Booking.Application\Booking.Application.csproj", "{D9E6B40A-A235-478B-A2AC-57BE1DDFD101}"
EndProject
Project("{FAE04EC0-301F-11D3-BF4B-00C04F79EFBC}") = "Booking.API", "src\Services\Booking\Booking.API\Booking.API\Booking.API.csproj", "{580B32A4-E0E1-47EB-9D0C-1C0F70F21E5F}"
EndProject
Project("{2150E333-8FDC-42A3-9474-1A3956D46DE8}") = "Flight", "Flight", "{043C1586-26EF-4CE0-C5B7-3EE4F28F94D1}"
EndProject
Project("{2150E333-8FDC-42A3-9474-1A3956D46DE8}") = "Flight.Core", "Flight.Core", "{874A69F5-A2F7-CA22-2384-6E3BD75FB51C}"
EndProject
Project("{FAE04EC0-301F-11D3-BF4B-00C04F79EFBC}") = "Flight.Core", "src\Services\Flight\Flight.Core\Flight.Core\Flight.Core.csproj", "{3C534640-E3C7-481F-9ED3-88C9360412B9}"
EndProject
Project("{FAE04EC0-301F-11D3-BF4B-00C04F79EFBC}") = "Flight.Infrastructure", "src\Services\Flight\Flight.Infrastructure\Flight.Infrastructure\Flight.Infrastructure.csproj", "{51062892-7D78-41DF-8BC1-9EE460AF34A3}"
EndProject
Project("{FAE04EC0-301F-11D3-BF4B-00C04F79EFBC}") = "Flight.Application", "src\Services\Flight\Flight.Application\Flight.Application\Flight.Application.csproj", "{FF3DC20D-61D5-4973-90A7-DC2CA9A928EE}"
EndProject
Project("{FAE04EC0-301F-11D3-BF4B-00C04F79EFBC}") = "Flight.API", "src\Services\Flight\Flight.API\Flight.API\Flight.API.csproj", "{DE52F341-CD17-4471-A18E-7EED4D82F5F5}"
EndProject
Project("{2150E333-8FDC-42A3-9474-1A3956D46DE8}") = "Notification", "Notification", "{C5FBE174-8E0F-F5A3-B929-8BD0C55C0A32}"
EndProject
Project("{2150E333-8FDC-42A3-9474-1A3956D46DE8}") = "Notification.Core", "Notification.Core", "{6F2D7AFA-4FF9-1B1B-07A4-88393CF8DB10}"
EndProject
Project("{FAE04EC0-301F-11D3-BF4B-00C04F79EFBC}") = "Notification.Core", "src\Services\Notification\Notification.Core\Notification.Core\Notification.Core.csproj", "{3FCC4B5A-4F91-485A-9329-AC36C085148A}"
EndProject
Project("{FAE04EC0-301F-11D3-BF4B-00C04F79EFBC}") = "Notification.Infrastructure", "src\Services\Notification\Notification.Infrastructure\Notification.Infrastructure\Notification.Infrastructure.csproj", "{F794BF82-719D-4577-B24E-B4565B8B70BC}"
EndProject
Project("{FAE04EC0-301F-11D3-BF4B-00C04F79EFBC}") = "Notification.Application", "src\Services\Notification\Notification.Application\Notification.Application\Notification.Application.csproj", "{250597DD-16EC-4C08-B094-DFA0B35A8252}"
EndProject
Project("{FAE04EC0-301F-11D3-BF4B-00C04F79EFBC}") = "Notification.API", "src\Services\Notification\Notification.API\Notification.API\Notification.API.csproj", "{19044FE2-960A-454F-91BF-95E7EAEB047D}"
EndProject
Project("{2150E333-8FDC-42A3-9474-1A3956D46DE8}") = "Payment", "Payment", "{3FB03296-F262-2760-9861-73C41AF3766C}"
EndProject
Project("{2150E333-8FDC-42A3-9474-1A3956D46DE8}") = "Payment.Core", "Payment.Core", "{4BB25395-6FE0-213C-62F1-09039875A38E}"
EndProject
Project("{FAE04EC0-301F-11D3-BF4B-00C04F79EFBC}") = "Payment.Core", "src\Services\Payment\Payment.Core\Payment.Core\Payment.Core.csproj", "{D0297EEC-FD62-45A9-B74A-E7F69EBDEDE3}"
EndProject
Project("{FAE04EC0-301F-11D3-BF4B-00C04F79EFBC}") = "Payment.Infrastructure", "src\Services\Payment\Payment.Infrastructure\Payment.Infrastructure\Payment.Infrastructure.csproj", "{26B8C0E3-0CDA-40AA-B35B-65B2DE0A7666}"
EndProject
Project("{FAE04EC0-301F-11D3-BF4B-00C04F79EFBC}") = "Payment.Application", "src\Services\Payment\Payment.Application\Payment.Application\Payment.Application.csproj", "{2DF11C50-472F-4DEE-B737-BDBCEB4BD2F5}"
EndProject
Project("{FAE04EC0-301F-11D3-BF4B-00C04F79EFBC}") = "Payment.API", "src\Services\Payment\Payment.API\Payment.API\Payment.API.csproj", "{53E9A2A3-4F49-4880-BA7E-8C448C02EEA9}"
EndProject
Project("{2150E333-8FDC-42A3-9474-1A3956D46DE8}") = "tests", "tests", "{0AB3BF05-4346-4AA6-1389-037BE0695223}"
EndProject
Project("{2150E333-8FDC-42A3-9474-1A3956D46DE8}") = "Booking.API.Tests", "Booking.API.Tests", "{7FA97589-0A12-C29B-5968-E3BA5EF421E8}"
EndProject
Project("{FAE04EC0-301F-11D3-BF4B-00C04F79EFBC}") = "Booking.API.Tests", "tests\Booking.API.Tests\Booking.API.Tests\Booking.API.Tests.csproj", "{1685B510-3AB5-4864-AFAF-5278D85FCD68}"
EndProject
Project("{FAE04EC0-301F-11D3-BF4B-00C04F79EFBC}") = "Flight.API.Tests", "tests\Flight.API.Tests\Flight.API.Tests\Flight.API.Tests.csproj", "{1A0033E5-5E3D-4992-A264-725AD94B4DCC}"
EndProject
Project("{FAE04EC0-301F-11D3-BF4B-00C04F79EFBC}") = "Notification.API.Tests", "tests\Notification.API.Tests\Notification.API.Tests\Notification.API.Tests.csproj", "{2D550A71-2708-4292-9E45-7CD7F4582803}"
EndProject
Project("{FAE04EC0-301F-11D3-BF4B-00C04F79EFBC}") = "Payment.API.Tests", "tests\Payment.API.Tests\Payment.API.Tests\Payment.API.Tests.csproj", "{F37AADDB-AE07-472D-8A77-CC6535AAC25A}"
EndProject
Project("{FAE04EC0-301F-11D3-BF4B-00C04F79EFBC}") = "MassTransit.Tests", "tests\MassTransit.Tests\MassTransit.Tests\MassTransit.Tests.csproj", "{884FD893-B89D-4A8B-AF43-6A377B3591AB}"
EndProject
Project("{2150E333-8FDC-42A3-9474-1A3956D46DE8}") = "AI", "AI", "{A87B60BB-9197-0D74-699B-A61BF49232C6}"
EndProject
Project("{2150E333-8FDC-42A3-9474-1A3956D46DE8}") = "AI.Core", "AI.Core", "{63E123E5-709D-BDAF-13AD-4FE2C17260C1}"
EndProject
Project("{FAE04EC0-301F-11D3-BF4B-00C04F79EFBC}") = "AI.Core", "src\Services\AI\AI.Core\AI.Core\AI.Core.csproj", "{7D1C19EE-A7F3-494A-8216-AC87E35C52CC}"
EndProject
Project("{2150E333-8FDC-42A3-9474-1A3956D46DE8}") = "AI.Infrastructure", "AI.Infrastructure", "{93523F98-43EC-5FD0-F11E-C4ECC90D222D}"
EndProject
Project("{FAE04EC0-301F-11D3-BF4B-00C04F79EFBC}") = "AI.Infrastructure", "src\Services\AI\AI.Infrastructure\AI.Infrastructure\AI.Infrastructure.csproj", "{C1D7FA61-17C2-42E0-84BC-F99F7C8D556C}"
EndProject
Project("{2150E333-8FDC-42A3-9474-1A3956D46DE8}") = "AI.Application", "AI.Application", "{64D195B9-4B96-3F87-8D32-BCC4A3580065}"
EndProject
Project("{FAE04EC0-301F-11D3-BF4B-00C04F79EFBC}") = "AI.Application", "src\Services\AI\AI.Application\AI.Application\AI.Application.csproj", "{CBF70C67-1DE7-44BF-8B19-F85AC26653A5}"
EndProject
Project("{2150E333-8FDC-42A3-9474-1A3956D46DE8}") = "AI.API", "AI.API", "{74E99C9A-2140-2024-449B-E1B6138430FF}"
EndProject
Project("{FAE04EC0-301F-11D3-BF4B-00C04F79EFBC}") = "AI.API", "src\Services\AI\AI.API\AI.API\AI.API.csproj", "{A28326D9-03DA-42E0-9B2B-DB6EE45D1029}"
EndProject
Project("{2150E333-8FDC-42A3-9474-1A3956D46DE8}") = "AI.API.Tests", "AI.API.Tests", "{601C6CD0-CCB6-5718-B264-E0E3A6B56641}"
EndProject
Project("{FAE04EC0-301F-11D3-BF4B-00C04F79EFBC}") = "AI.API.Tests", "tests\AI.API.Tests\AI.API.Tests\AI.API.Tests.csproj", "{B9AD3563-795F-4548-AE2F-B65EDE7F9ED3}"
EndProject
Project("{2150E333-8FDC-42A3-9474-1A3956D46DE8}") = "ApiGateway", "ApiGateway", "{FCA01246-F2C6-0AA7-D43F-FD13BE0B9D88}"
EndProject
Project("{FAE04EC0-301F-11D3-BF4B-00C04F79EFBC}") = "ApiGateway", "src\ApiGateway\ApiGateway\ApiGateway.csproj", "{1F8AA0C9-5035-4919-A6AF-A711BCBFCBFB}"
EndProject
Global
	GlobalSection(SolutionConfigurationPlatforms) = preSolution
		Debug|Any CPU = Debug|Any CPU
		Debug|x64 = Debug|x64
		Debug|x86 = Debug|x86
		Release|Any CPU = Release|Any CPU
		Release|x64 = Release|x64
		Release|x86 = Release|x86
	EndGlobalSection
	GlobalSection(ProjectConfigurationPlatforms) = postSolution
		{97D99739-9ED0-44FE-BA65-DA7481943713}.Debug|Any CPU.ActiveCfg = Debug|Any CPU
		{97D99739-9ED0-44FE-BA65-DA7481943713}.Debug|Any CPU.Build.0 = Debug|Any CPU
		{97D99739-9ED0-44FE-BA65-DA7481943713}.Debug|x64.ActiveCfg = Debug|Any CPU
		{97D99739-9ED0-44FE-BA65-DA7481943713}.Debug|x64.Build.0 = Debug|Any CPU
		{97D99739-9ED0-44FE-BA65-DA7481943713}.Debug|x86.ActiveCfg = Debug|Any CPU
		{97D99739-9ED0-44FE-BA65-DA7481943713}.Debug|x86.Build.0 = Debug|Any CPU
		{97D99739-9ED0-44FE-BA65-DA7481943713}.Release|Any CPU.ActiveCfg = Release|Any CPU
		{97D99739-9ED0-44FE-BA65-DA7481943713}.Release|Any CPU.Build.0 = Release|Any CPU
		{97D99739-9ED0-44FE-BA65-DA7481943713}.Release|x64.ActiveCfg = Release|Any CPU
		{97D99739-9ED0-44FE-BA65-DA7481943713}.Release|x64.Build.0 = Release|Any CPU
		{97D99739-9ED0-44FE-BA65-DA7481943713}.Release|x86.ActiveCfg = Release|Any CPU
		{97D99739-9ED0-44FE-BA65-DA7481943713}.Release|x86.Build.0 = Release|Any CPU
		{A5E877BC-15B7-444D-8C48-A06E37F36C42}.Debug|Any CPU.ActiveCfg = Debug|Any CPU
		{A5E877BC-15B7-444D-8C48-A06E37F36C42}.Debug|Any CPU.Build.0 = Debug|Any CPU
		{A5E877BC-15B7-444D-8C48-A06E37F36C42}.Debug|x64.ActiveCfg = Debug|Any CPU
		{A5E877BC-15B7-444D-8C48-A06E37F36C42}.Debug|x64.Build.0 = Debug|Any CPU
		{A5E877BC-15B7-444D-8C48-A06E37F36C42}.Debug|x86.ActiveCfg = Debug|Any CPU
		{A5E877BC-15B7-444D-8C48-A06E37F36C42}.Debug|x86.Build.0 = Debug|Any CPU
		{A5E877BC-15B7-444D-8C48-A06E37F36C42}.Release|Any CPU.ActiveCfg = Release|Any CPU
		{A5E877BC-15B7-444D-8C48-A06E37F36C42}.Release|Any CPU.Build.0 = Release|Any CPU
		{A5E877BC-15B7-444D-8C48-A06E37F36C42}.Release|x64.ActiveCfg = Release|Any CPU
		{A5E877BC-15B7-444D-8C48-A06E37F36C42}.Release|x64.Build.0 = Release|Any CPU
		{A5E877BC-15B7-444D-8C48-A06E37F36C42}.Release|x86.ActiveCfg = Release|Any CPU
		{A5E877BC-15B7-444D-8C48-A06E37F36C42}.Release|x86.Build.0 = Release|Any CPU
		{6371007C-D778-4AFF-92BE-1D2C226B6244}.Debug|Any CPU.ActiveCfg = Debug|Any CPU
		{6371007C-D778-4AFF-92BE-1D2C226B6244}.Debug|Any CPU.Build.0 = Debug|Any CPU
		{6371007C-D778-4AFF-92BE-1D2C226B6244}.Debug|x64.ActiveCfg = Debug|Any CPU
		{6371007C-D778-4AFF-92BE-1D2C226B6244}.Debug|x64.Build.0 = Debug|Any CPU
		{6371007C-D778-4AFF-92BE-1D2C226B6244}.Debug|x86.ActiveCfg = Debug|Any CPU
		{6371007C-D778-4AFF-92BE-1D2C226B6244}.Debug|x86.Build.0 = Debug|Any CPU
		{6371007C-D778-4AFF-92BE-1D2C226B6244}.Release|Any CPU.ActiveCfg = Release|Any CPU
		{6371007C-D778-4AFF-92BE-1D2C226B6244}.Release|Any CPU.Build.0 = Release|Any CPU
		{6371007C-D778-4AFF-92BE-1D2C226B6244}.Release|x64.ActiveCfg = Release|Any CPU
		{6371007C-D778-4AFF-92BE-1D2C226B6244}.Release|x64.Build.0 = Release|Any CPU
		{6371007C-D778-4AFF-92BE-1D2C226B6244}.Release|x86.ActiveCfg = Release|Any CPU
		{6371007C-D778-4AFF-92BE-1D2C226B6244}.Release|x86.Build.0 = Release|Any CPU
		{A4547A8C-CFEE-4439-AECA-E33516284B97}.Debug|Any CPU.ActiveCfg = Debug|Any CPU
		{A4547A8C-CFEE-4439-AECA-E33516284B97}.Debug|Any CPU.Build.0 = Debug|Any CPU
		{A4547A8C-CFEE-4439-AECA-E33516284B97}.Debug|x64.ActiveCfg = Debug|Any CPU
		{A4547A8C-CFEE-4439-AECA-E33516284B97}.Debug|x64.Build.0 = Debug|Any CPU
		{A4547A8C-CFEE-4439-AECA-E33516284B97}.Debug|x86.ActiveCfg = Debug|Any CPU
		{A4547A8C-CFEE-4439-AECA-E33516284B97}.Debug|x86.Build.0 = Debug|Any CPU
		{A4547A8C-CFEE-4439-AECA-E33516284B97}.Release|Any CPU.ActiveCfg = Release|Any CPU
		{A4547A8C-CFEE-4439-AECA-E33516284B97}.Release|Any CPU.Build.0 = Release|Any CPU
		{A4547A8C-CFEE-4439-AECA-E33516284B97}.Release|x64.ActiveCfg = Release|Any CPU
		{A4547A8C-CFEE-4439-AECA-E33516284B97}.Release|x64.Build.0 = Release|Any CPU
		{A4547A8C-CFEE-4439-AECA-E33516284B97}.Release|x86.ActiveCfg = Release|Any CPU
		{A4547A8C-CFEE-4439-AECA-E33516284B97}.Release|x86.Build.0 = Release|Any CPU
		{D9E6B40A-A235-478B-A2AC-57BE1DDFD101}.Debug|Any CPU.ActiveCfg = Debug|Any CPU
		{D9E6B40A-A235-478B-A2AC-57BE1DDFD101}.Debug|Any CPU.Build.0 = Debug|Any CPU
		{D9E6B40A-A235-478B-A2AC-57BE1DDFD101}.Debug|x64.ActiveCfg = Debug|Any CPU
		{D9E6B40A-A235-478B-A2AC-57BE1DDFD101}.Debug|x64.Build.0 = Debug|Any CPU
		{D9E6B40A-A235-478B-A2AC-57BE1DDFD101}.Debug|x86.ActiveCfg = Debug|Any CPU
		{D9E6B40A-A235-478B-A2AC-57BE1DDFD101}.Debug|x86.Build.0 = Debug|Any CPU
		{D9E6B40A-A235-478B-A2AC-57BE1DDFD101}.Release|Any CPU.ActiveCfg = Release|Any CPU
		{D9E6B40A-A235-478B-A2AC-57BE1DDFD101}.Release|Any CPU.Build.0 = Release|Any CPU
		{D9E6B40A-A235-478B-A2AC-57BE1DDFD101}.Release|x64.ActiveCfg = Release|Any CPU
		{D9E6B40A-A235-478B-A2AC-57BE1DDFD101}.Release|x64.Build.0 = Release|Any CPU
		{D9E6B40A-A235-478B-A2AC-57BE1DDFD101}.Release|x86.ActiveCfg = Release|Any CPU
		{D9E6B40A-A235-478B-A2AC-57BE1DDFD101}.Release|x86.Build.0 = Release|Any CPU
		{580B32A4-E0E1-47EB-9D0C-1C0F70F21E5F}.Debug|Any CPU.ActiveCfg = Debug|Any CPU
		{580B32A4-E0E1-47EB-9D0C-1C0F70F21E5F}.Debug|Any CPU.Build.0 = Debug|Any CPU
		{580B32A4-E0E1-47EB-9D0C-1C0F70F21E5F}.Debug|x64.ActiveCfg = Debug|Any CPU
		{580B32A4-E0E1-47EB-9D0C-1C0F70F21E5F}.Debug|x64.Build.0 = Debug|Any CPU
		{580B32A4-E0E1-47EB-9D0C-1C0F70F21E5F}.Debug|x86.ActiveCfg = Debug|Any CPU
		{580B32A4-E0E1-47EB-9D0C-1C0F70F21E5F}.Debug|x86.Build.0 = Debug|Any CPU
		{580B32A4-E0E1-47EB-9D0C-1C0F70F21E5F}.Release|Any CPU.ActiveCfg = Release|Any CPU
		{580B32A4-E0E1-47EB-9D0C-1C0F70F21E5F}.Release|Any CPU.Build.0 = Release|Any CPU
		{580B32A4-E0E1-47EB-9D0C-1C0F70F21E5F}.Release|x64.ActiveCfg = Release|Any CPU
		{580B32A4-E0E1-47EB-9D0C-1C0F70F21E5F}.Release|x64.Build.0 = Release|Any CPU
		{580B32A4-E0E1-47EB-9D0C-1C0F70F21E5F}.Release|x86.ActiveCfg = Release|Any CPU
		{580B32A4-E0E1-47EB-9D0C-1C0F70F21E5F}.Release|x86.Build.0 = Release|Any CPU
		{3C534640-E3C7-481F-9ED3-88C9360412B9}.Debug|Any CPU.ActiveCfg = Debug|Any CPU
		{3C534640-E3C7-481F-9ED3-88C9360412B9}.Debug|Any CPU.Build.0 = Debug|Any CPU
		{3C534640-E3C7-481F-9ED3-88C9360412B9}.Debug|x64.ActiveCfg = Debug|Any CPU
		{3C534640-E3C7-481F-9ED3-88C9360412B9}.Debug|x64.Build.0 = Debug|Any CPU
		{3C534640-E3C7-481F-9ED3-88C9360412B9}.Debug|x86.ActiveCfg = Debug|Any CPU
		{3C534640-E3C7-481F-9ED3-88C9360412B9}.Debug|x86.Build.0 = Debug|Any CPU
		{3C534640-E3C7-481F-9ED3-88C9360412B9}.Release|Any CPU.ActiveCfg = Release|Any CPU
		{3C534640-E3C7-481F-9ED3-88C9360412B9}.Release|Any CPU.Build.0 = Release|Any CPU
		{3C534640-E3C7-481F-9ED3-88C9360412B9}.Release|x64.ActiveCfg = Release|Any CPU
		{3C534640-E3C7-481F-9ED3-88C9360412B9}.Release|x64.Build.0 = Release|Any CPU
		{3C534640-E3C7-481F-9ED3-88C9360412B9}.Release|x86.ActiveCfg = Release|Any CPU
		{3C534640-E3C7-481F-9ED3-88C9360412B9}.Release|x86.Build.0 = Release|Any CPU
		{51062892-7D78-41DF-8BC1-9EE460AF34A3}.Debug|Any CPU.ActiveCfg = Debug|Any CPU
		{51062892-7D78-41DF-8BC1-9EE460AF34A3}.Debug|Any CPU.Build.0 = Debug|Any CPU
		{51062892-7D78-41DF-8BC1-9EE460AF34A3}.Debug|x64.ActiveCfg = Debug|Any CPU
		{51062892-7D78-41DF-8BC1-9EE460AF34A3}.Debug|x64.Build.0 = Debug|Any CPU
		{51062892-7D78-41DF-8BC1-9EE460AF34A3}.Debug|x86.ActiveCfg = Debug|Any CPU
		{51062892-7D78-41DF-8BC1-9EE460AF34A3}.Debug|x86.Build.0 = Debug|Any CPU
		{51062892-7D78-41DF-8BC1-9EE460AF34A3}.Release|Any CPU.ActiveCfg = Release|Any CPU
		{51062892-7D78-41DF-8BC1-9EE460AF34A3}.Release|Any CPU.Build.0 = Release|Any CPU
		{51062892-7D78-41DF-8BC1-9EE460AF34A3}.Release|x64.ActiveCfg = Release|Any CPU
		{51062892-7D78-41DF-8BC1-9EE460AF34A3}.Release|x64.Build.0 = Release|Any CPU
		{51062892-7D78-41DF-8BC1-9EE460AF34A3}.Release|x86.ActiveCfg = Release|Any CPU
		{51062892-7D78-41DF-8BC1-9EE460AF34A3}.Release|x86.Build.0 = Release|Any CPU
		{FF3DC20D-61D5-4973-90A7-DC2CA9A928EE}.Debug|Any CPU.ActiveCfg = Debug|Any CPU
		{FF3DC20D-61D5-4973-90A7-DC2CA9A928EE}.Debug|Any CPU.Build.0 = Debug|Any CPU
		{FF3DC20D-61D5-4973-90A7-DC2CA9A928EE}.Debug|x64.ActiveCfg = Debug|Any CPU
		{FF3DC20D-61D5-4973-90A7-DC2CA9A928EE}.Debug|x64.Build.0 = Debug|Any CPU
		{FF3DC20D-61D5-4973-90A7-DC2CA9A928EE}.Debug|x86.ActiveCfg = Debug|Any CPU
		{FF3DC20D-61D5-4973-90A7-DC2CA9A928EE}.Debug|x86.Build.0 = Debug|Any CPU
		{FF3DC20D-61D5-4973-90A7-DC2CA9A928EE}.Release|Any CPU.ActiveCfg = Release|Any CPU
		{FF3DC20D-61D5-4973-90A7-DC2CA9A928EE}.Release|Any CPU.Build.0 = Release|Any CPU
		{FF3DC20D-61D5-4973-90A7-DC2CA9A928EE}.Release|x64.ActiveCfg = Release|Any CPU
		{FF3DC20D-61D5-4973-90A7-DC2CA9A928EE}.Release|x64.Build.0 = Release|Any CPU
		{FF3DC20D-61D5-4973-90A7-DC2CA9A928EE}.Release|x86.ActiveCfg = Release|Any CPU
		{FF3DC20D-61D5-4973-90A7-DC2CA9A928EE}.Release|x86.Build.0 = Release|Any CPU
		{DE52F341-CD17-4471-A18E-7EED4D82F5F5}.Debug|Any CPU.ActiveCfg = Debug|Any CPU
		{DE52F341-CD17-4471-A18E-7EED4D82F5F5}.Debug|Any CPU.Build.0 = Debug|Any CPU
		{DE52F341-CD17-4471-A18E-7EED4D82F5F5}.Debug|x64.ActiveCfg = Debug|Any CPU
		{DE52F341-CD17-4471-A18E-7EED4D82F5F5}.Debug|x64.Build.0 = Debug|Any CPU
		{DE52F341-CD17-4471-A18E-7EED4D82F5F5}.Debug|x86.ActiveCfg = Debug|Any CPU
		{DE52F341-CD17-4471-A18E-7EED4D82F5F5}.Debug|x86.Build.0 = Debug|Any CPU
		{DE52F341-CD17-4471-A18E-7EED4D82F5F5}.Release|Any CPU.ActiveCfg = Release|Any CPU
		{DE52F341-CD17-4471-A18E-7EED4D82F5F5}.Release|Any CPU.Build.0 = Release|Any CPU
		{DE52F341-CD17-4471-A18E-7EED4D82F5F5}.Release|x64.ActiveCfg = Release|Any CPU
		{DE52F341-CD17-4471-A18E-7EED4D82F5F5}.Release|x64.Build.0 = Release|Any CPU
		{DE52F341-CD17-4471-A18E-7EED4D82F5F5}.Release|x86.ActiveCfg = Release|Any CPU
		{DE52F341-CD17-4471-A18E-7EED4D82F5F5}.Release|x86.Build.0 = Release|Any CPU
		{3FCC4B5A-4F91-485A-9329-AC36C085148A}.Debug|Any CPU.ActiveCfg = Debug|Any CPU
		{3FCC4B5A-4F91-485A-9329-AC36C085148A}.Debug|Any CPU.Build.0 = Debug|Any CPU
		{3FCC4B5A-4F91-485A-9329-AC36C085148A}.Debug|x64.ActiveCfg = Debug|Any CPU
		{3FCC4B5A-4F91-485A-9329-AC36C085148A}.Debug|x64.Build.0 = Debug|Any CPU
		{3FCC4B5A-4F91-485A-9329-AC36C085148A}.Debug|x86.ActiveCfg = Debug|Any CPU
		{3FCC4B5A-4F91-485A-9329-AC36C085148A}.Debug|x86.Build.0 = Debug|Any CPU
		{3FCC4B5A-4F91-485A-9329-AC36C085148A}.Release|Any CPU.ActiveCfg = Release|Any CPU
		{3FCC4B5A-4F91-485A-9329-AC36C085148A}.Release|Any CPU.Build.0 = Release|Any CPU
		{3FCC4B5A-4F91-485A-9329-AC36C085148A}.Release|x64.ActiveCfg = Release|Any CPU
		{3FCC4B5A-4F91-485A-9329-AC36C085148A}.Release|x64.Build.0 = Release|Any CPU
		{3FCC4B5A-4F91-485A-9329-AC36C085148A}.Release|x86.ActiveCfg = Release|Any CPU
		{3FCC4B5A-4F91-485A-9329-AC36C085148A}.Release|x86.Build.0 = Release|Any CPU
		{F794BF82-719D-4577-B24E-B4565B8B70BC}.Debug|Any CPU.ActiveCfg = Debug|Any CPU
		{F794BF82-719D-4577-B24E-B4565B8B70BC}.Debug|Any CPU.Build.0 = Debug|Any CPU
		{F794BF82-719D-4577-B24E-B4565B8B70BC}.Debug|x64.ActiveCfg = Debug|Any CPU
		{F794BF82-719D-4577-B24E-B4565B8B70BC}.Debug|x64.Build.0 = Debug|Any CPU
		{F794BF82-719D-4577-B24E-B4565B8B70BC}.Debug|x86.ActiveCfg = Debug|Any CPU
		{F794BF82-719D-4577-B24E-B4565B8B70BC}.Debug|x86.Build.0 = Debug|Any CPU
		{F794BF82-719D-4577-B24E-B4565B8B70BC}.Release|Any CPU.ActiveCfg = Release|Any CPU
		{F794BF82-719D-4577-B24E-B4565B8B70BC}.Release|Any CPU.Build.0 = Release|Any CPU
		{F794BF82-719D-4577-B24E-B4565B8B70BC}.Release|x64.ActiveCfg = Release|Any CPU
		{F794BF82-719D-4577-B24E-B4565B8B70BC}.Release|x64.Build.0 = Release|Any CPU
		{F794BF82-719D-4577-B24E-B4565B8B70BC}.Release|x86.ActiveCfg = Release|Any CPU
		{F794BF82-719D-4577-B24E-B4565B8B70BC}.Release|x86.Build.0 = Release|Any CPU
		{250597DD-16EC-4C08-B094-DFA0B35A8252}.Debug|Any CPU.ActiveCfg = Debug|Any CPU
		{250597DD-16EC-4C08-B094-DFA0B35A8252}.Debug|Any CPU.Build.0 = Debug|Any CPU
		{250597DD-16EC-4C08-B094-DFA0B35A8252}.Debug|x64.ActiveCfg = Debug|Any CPU
		{250597DD-16EC-4C08-B094-DFA0B35A8252}.Debug|x64.Build.0 = Debug|Any CPU
		{250597DD-16EC-4C08-B094-DFA0B35A8252}.Debug|x86.ActiveCfg = Debug|Any CPU
		{250597DD-16EC-4C08-B094-DFA0B35A8252}.Debug|x86.Build.0 = Debug|Any CPU
		{250597DD-16EC-4C08-B094-DFA0B35A8252}.Release|Any CPU.ActiveCfg = Release|Any CPU
		{250597DD-16EC-4C08-B094-DFA0B35A8252}.Release|Any CPU.Build.0 = Release|Any CPU
		{250597DD-16EC-4C08-B094-DFA0B35A8252}.Release|x64.ActiveCfg = Release|Any CPU
		{250597DD-16EC-4C08-B094-DFA0B35A8252}.Release|x64.Build.0 = Release|Any CPU
		{250597DD-16EC-4C08-B094-DFA0B35A8252}.Release|x86.ActiveCfg = Release|Any CPU
		{250597DD-16EC-4C08-B094-DFA0B35A8252}.Release|x86.Build.0 = Release|Any CPU
		{19044FE2-960A-454F-91BF-95E7EAEB047D}.Debug|Any CPU.ActiveCfg = Debug|Any CPU
		{19044FE2-960A-454F-91BF-95E7EAEB047D}.Debug|Any CPU.Build.0 = Debug|Any CPU
		{19044FE2-960A-454F-91BF-95E7EAEB047D}.Debug|x64.ActiveCfg = Debug|Any CPU
		{19044FE2-960A-454F-91BF-95E7EAEB047D}.Debug|x64.Build.0 = Debug|Any CPU
		{19044FE2-960A-454F-91BF-95E7EAEB047D}.Debug|x86.ActiveCfg = Debug|Any CPU
		{19044FE2-960A-454F-91BF-95E7EAEB047D}.Debug|x86.Build.0 = Debug|Any CPU
		{19044FE2-960A-454F-91BF-95E7EAEB047D}.Release|Any CPU.ActiveCfg = Release|Any CPU
		{19044FE2-960A-454F-91BF-95E7EAEB047D}.Release|Any CPU.Build.0 = Release|Any CPU
		{19044FE2-960A-454F-91BF-95E7EAEB047D}.Release|x64.ActiveCfg = Release|Any CPU
		{19044FE2-960A-454F-91BF-95E7EAEB047D}.Release|x64.Build.0 = Release|Any CPU
		{19044FE2-960A-454F-91BF-95E7EAEB047D}.Release|x86.ActiveCfg = Release|Any CPU
		{19044FE2-960A-454F-91BF-95E7EAEB047D}.Release|x86.Build.0 = Release|Any CPU
		{D0297EEC-FD62-45A9-B74A-E7F69EBDEDE3}.Debug|Any CPU.ActiveCfg = Debug|Any CPU
		{D0297EEC-FD62-45A9-B74A-E7F69EBDEDE3}.Debug|Any CPU.Build.0 = Debug|Any CPU
		{D0297EEC-FD62-45A9-B74A-E7F69EBDEDE3}.Debug|x64.ActiveCfg = Debug|Any CPU
		{D0297EEC-FD62-45A9-B74A-E7F69EBDEDE3}.Debug|x64.Build.0 = Debug|Any CPU
		{D0297EEC-FD62-45A9-B74A-E7F69EBDEDE3}.Debug|x86.ActiveCfg = Debug|Any CPU
		{D0297EEC-FD62-45A9-B74A-E7F69EBDEDE3}.Debug|x86.Build.0 = Debug|Any CPU
		{D0297EEC-FD62-45A9-B74A-E7F69EBDEDE3}.Release|Any CPU.ActiveCfg = Release|Any CPU
		{D0297EEC-FD62-45A9-B74A-E7F69EBDEDE3}.Release|Any CPU.Build.0 = Release|Any CPU
		{D0297EEC-FD62-45A9-B74A-E7F69EBDEDE3}.Release|x64.ActiveCfg = Release|Any CPU
		{D0297EEC-FD62-45A9-B74A-E7F69EBDEDE3}.Release|x64.Build.0 = Release|Any CPU
		{D0297EEC-FD62-45A9-B74A-E7F69EBDEDE3}.Release|x86.ActiveCfg = Release|Any CPU
		{D0297EEC-FD62-45A9-B74A-E7F69EBDEDE3}.Release|x86.Build.0 = Release|Any CPU
		{26B8C0E3-0CDA-40AA-B35B-65B2DE0A7666}.Debug|Any CPU.ActiveCfg = Debug|Any CPU
		{26B8C0E3-0CDA-40AA-B35B-65B2DE0A7666}.Debug|Any CPU.Build.0 = Debug|Any CPU
		{26B8C0E3-0CDA-40AA-B35B-65B2DE0A7666}.Debug|x64.ActiveCfg = Debug|Any CPU
		{26B8C0E3-0CDA-40AA-B35B-65B2DE0A7666}.Debug|x64.Build.0 = Debug|Any CPU
		{26B8C0E3-0CDA-40AA-B35B-65B2DE0A7666}.Debug|x86.ActiveCfg = Debug|Any CPU
		{26B8C0E3-0CDA-40AA-B35B-65B2DE0A7666}.Debug|x86.Build.0 = Debug|Any CPU
		{26B8C0E3-0CDA-40AA-B35B-65B2DE0A7666}.Release|Any CPU.ActiveCfg = Release|Any CPU
		{26B8C0E3-0CDA-40AA-B35B-65B2DE0A7666}.Release|Any CPU.Build.0 = Release|Any CPU
		{26B8C0E3-0CDA-40AA-B35B-65B2DE0A7666}.Release|x64.ActiveCfg = Release|Any CPU
		{26B8C0E3-0CDA-40AA-B35B-65B2DE0A7666}.Release|x64.Build.0 = Release|Any CPU
		{26B8C0E3-0CDA-40AA-B35B-65B2DE0A7666}.Release|x86.ActiveCfg = Release|Any CPU
		{26B8C0E3-0CDA-40AA-B35B-65B2DE0A7666}.Release|x86.Build.0 = Release|Any CPU
		{2DF11C50-472F-4DEE-B737-BDBCEB4BD2F5}.Debug|Any CPU.ActiveCfg = Debug|Any CPU
		{2DF11C50-472F-4DEE-B737-BDBCEB4BD2F5}.Debug|Any CPU.Build.0 = Debug|Any CPU
		{2DF11C50-472F-4DEE-B737-BDBCEB4BD2F5}.Debug|x64.ActiveCfg = Debug|Any CPU
		{2DF11C50-472F-4DEE-B737-BDBCEB4BD2F5}.Debug|x64.Build.0 = Debug|Any CPU
		{2DF11C50-472F-4DEE-B737-BDBCEB4BD2F5}.Debug|x86.ActiveCfg = Debug|Any CPU
		{2DF11C50-472F-4DEE-B737-BDBCEB4BD2F5}.Debug|x86.Build.0 = Debug|Any CPU
		{2DF11C50-472F-4DEE-B737-BDBCEB4BD2F5}.Release|Any CPU.ActiveCfg = Release|Any CPU
		{2DF11C50-472F-4DEE-B737-BDBCEB4BD2F5}.Release|Any CPU.Build.0 = Release|Any CPU
		{2DF11C50-472F-4DEE-B737-BDBCEB4BD2F5}.Release|x64.ActiveCfg = Release|Any CPU
		{2DF11C50-472F-4DEE-B737-BDBCEB4BD2F5}.Release|x64.Build.0 = Release|Any CPU
		{2DF11C50-472F-4DEE-B737-BDBCEB4BD2F5}.Release|x86.ActiveCfg = Release|Any CPU
		{2DF11C50-472F-4DEE-B737-BDBCEB4BD2F5}.Release|x86.Build.0 = Release|Any CPU
		{53E9A2A3-4F49-4880-BA7E-8C448C02EEA9}.Debug|Any CPU.ActiveCfg = Debug|Any CPU
		{53E9A2A3-4F49-4880-BA7E-8C448C02EEA9}.Debug|Any CPU.Build.0 = Debug|Any CPU
		{53E9A2A3-4F49-4880-BA7E-8C448C02EEA9}.Debug|x64.ActiveCfg = Debug|Any CPU
		{53E9A2A3-4F49-4880-BA7E-8C448C02EEA9}.Debug|x64.Build.0 = Debug|Any CPU
		{53E9A2A3-4F49-4880-BA7E-8C448C02EEA9}.Debug|x86.ActiveCfg = Debug|Any CPU
		{53E9A2A3-4F49-4880-BA7E-8C448C02EEA9}.Debug|x86.Build.0 = Debug|Any CPU
		{53E9A2A3-4F49-4880-BA7E-8C448C02EEA9}.Release|Any CPU.ActiveCfg = Release|Any CPU
		{53E9A2A3-4F49-4880-BA7E-8C448C02EEA9}.Release|Any CPU.Build.0 = Release|Any CPU
		{53E9A2A3-4F49-4880-BA7E-8C448C02EEA9}.Release|x64.ActiveCfg = Release|Any CPU
		{53E9A2A3-4F49-4880-BA7E-8C448C02EEA9}.Release|x64.Build.0 = Release|Any CPU
		{53E9A2A3-4F49-4880-BA7E-8C448C02EEA9}.Release|x86.ActiveCfg = Release|Any CPU
		{53E9A2A3-4F49-4880-BA7E-8C448C02EEA9}.Release|x86.Build.0 = Release|Any CPU
		{1685B510-3AB5-4864-AFAF-5278D85FCD68}.Debug|Any CPU.ActiveCfg = Debug|Any CPU
		{1685B510-3AB5-4864-AFAF-5278D85FCD68}.Debug|Any CPU.Build.0 = Debug|Any CPU
		{1685B510-3AB5-4864-AFAF-5278D85FCD68}.Debug|x64.ActiveCfg = Debug|Any CPU
		{1685B510-3AB5-4864-AFAF-5278D85FCD68}.Debug|x64.Build.0 = Debug|Any CPU
		{1685B510-3AB5-4864-AFAF-5278D85FCD68}.Debug|x86.ActiveCfg = Debug|Any CPU
		{1685B510-3AB5-4864-AFAF-5278D85FCD68}.Debug|x86.Build.0 = Debug|Any CPU
		{1685B510-3AB5-4864-AFAF-5278D85FCD68}.Release|Any CPU.ActiveCfg = Release|Any CPU
		{1685B510-3AB5-4864-AFAF-5278D85FCD68}.Release|Any CPU.Build.0 = Release|Any CPU
		{1685B510-3AB5-4864-AFAF-5278D85FCD68}.Release|x64.ActiveCfg = Release|Any CPU
		{1685B510-3AB5-4864-AFAF-5278D85FCD68}.Release|x64.Build.0 = Release|Any CPU
		{1685B510-3AB5-4864-AFAF-5278D85FCD68}.Release|x86.ActiveCfg = Release|Any CPU
		{1685B510-3AB5-4864-AFAF-5278D85FCD68}.Release|x86.Build.0 = Release|Any CPU
		{1A0033E5-5E3D-4992-A264-725AD94B4DCC}.Debug|Any CPU.ActiveCfg = Debug|Any CPU
		{1A0033E5-5E3D-4992-A264-725AD94B4DCC}.Debug|Any CPU.Build.0 = Debug|Any CPU
		{1A0033E5-5E3D-4992-A264-725AD94B4DCC}.Debug|x64.ActiveCfg = Debug|Any CPU
		{1A0033E5-5E3D-4992-A264-725AD94B4DCC}.Debug|x64.Build.0 = Debug|Any CPU
		{1A0033E5-5E3D-4992-A264-725AD94B4DCC}.Debug|x86.ActiveCfg = Debug|Any CPU
		{1A0033E5-5E3D-4992-A264-725AD94B4DCC}.Debug|x86.Build.0 = Debug|Any CPU
		{1A0033E5-5E3D-4992-A264-725AD94B4DCC}.Release|Any CPU.ActiveCfg = Release|Any CPU
		{1A0033E5-5E3D-4992-A264-725AD94B4DCC}.Release|Any CPU.Build.0 = Release|Any CPU
		{1A0033E5-5E3D-4992-A264-725AD94B4DCC}.Release|x64.ActiveCfg = Release|Any CPU
		{1A0033E5-5E3D-4992-A264-725AD94B4DCC}.Release|x64.Build.0 = Release|Any CPU
		{1A0033E5-5E3D-4992-A264-725AD94B4DCC}.Release|x86.ActiveCfg = Release|Any CPU
		{1A0033E5-5E3D-4992-A264-725AD94B4DCC}.Release|x86.Build.0 = Release|Any CPU
		{2D550A71-2708-4292-9E45-7CD7F4582803}.Debug|Any CPU.ActiveCfg = Debug|Any CPU
		{2D550A71-2708-4292-9E45-7CD7F4582803}.Debug|Any CPU.Build.0 = Debug|Any CPU
		{2D550A71-2708-4292-9E45-7CD7F4582803}.Debug|x64.ActiveCfg = Debug|Any CPU
		{2D550A71-2708-4292-9E45-7CD7F4582803}.Debug|x64.Build.0 = Debug|Any CPU
		{2D550A71-2708-4292-9E45-7CD7F4582803}.Debug|x86.ActiveCfg = Debug|Any CPU
		{2D550A71-2708-4292-9E45-7CD7F4582803}.Debug|x86.Build.0 = Debug|Any CPU
		{2D550A71-2708-4292-9E45-7CD7F4582803}.Release|Any CPU.ActiveCfg = Release|Any CPU
		{2D550A71-2708-4292-9E45-7CD7F4582803}.Release|Any CPU.Build.0 = Release|Any CPU
		{2D550A71-2708-4292-9E45-7CD7F4582803}.Release|x64.ActiveCfg = Release|Any CPU
		{2D550A71-2708-4292-9E45-7CD7F4582803}.Release|x64.Build.0 = Release|Any CPU
		{2D550A71-2708-4292-9E45-7CD7F4582803}.Release|x86.ActiveCfg = Release|Any CPU
		{2D550A71-2708-4292-9E45-7CD7F4582803}.Release|x86.Build.0 = Release|Any CPU
		{F37AADDB-AE07-472D-8A77-CC6535AAC25A}.Debug|Any CPU.ActiveCfg = Debug|Any CPU
		{F37AADDB-AE07-472D-8A77-CC6535AAC25A}.Debug|Any CPU.Build.0 = Debug|Any CPU
		{F37AADDB-AE07-472D-8A77-CC6535AAC25A}.Debug|x64.ActiveCfg = Debug|Any CPU
		{F37AADDB-AE07-472D-8A77-CC6535AAC25A}.Debug|x64.Build.0 = Debug|Any CPU
		{F37AADDB-AE07-472D-8A77-CC6535AAC25A}.Debug|x86.ActiveCfg = Debug|Any CPU
		{F37AADDB-AE07-472D-8A77-CC6535AAC25A}.Debug|x86.Build.0 = Debug|Any CPU
		{F37AADDB-AE07-472D-8A77-CC6535AAC25A}.Release|Any CPU.ActiveCfg = Release|Any CPU
		{F37AADDB-AE07-472D-8A77-CC6535AAC25A}.Release|Any CPU.Build.0 = Release|Any CPU
		{F37AADDB-AE07-472D-8A77-CC6535AAC25A}.Release|x64.ActiveCfg = Release|Any CPU
		{F37AADDB-AE07-472D-8A77-CC6535AAC25A}.Release|x64.Build.0 = Release|Any CPU
		{F37AADDB-AE07-472D-8A77-CC6535AAC25A}.Release|x86.ActiveCfg = Release|Any CPU
		{F37AADDB-AE07-472D-8A77-CC6535AAC25A}.Release|x86.Build.0 = Release|Any CPU
		{884FD893-B89D-4A8B-AF43-6A377B3591AB}.Debug|Any CPU.ActiveCfg = Debug|Any CPU
		{884FD893-B89D-4A8B-AF43-6A377B3591AB}.Debug|Any CPU.Build.0 = Debug|Any CPU
		{884FD893-B89D-4A8B-AF43-6A377B3591AB}.Debug|x64.ActiveCfg = Debug|Any CPU
		{884FD893-B89D-4A8B-AF43-6A377B3591AB}.Debug|x64.Build.0 = Debug|Any CPU
		{884FD893-B89D-4A8B-AF43-6A377B3591AB}.Debug|x86.ActiveCfg = Debug|Any CPU
		{884FD893-B89D-4A8B-AF43-6A377B3591AB}.Debug|x86.Build.0 = Debug|Any CPU
		{884FD893-B89D-4A8B-AF43-6A377B3591AB}.Release|Any CPU.ActiveCfg = Release|Any CPU
		{884FD893-B89D-4A8B-AF43-6A377B3591AB}.Release|Any CPU.Build.0 = Release|Any CPU
		{884FD893-B89D-4A8B-AF43-6A377B3591AB}.Release|x64.ActiveCfg = Release|Any CPU
		{884FD893-B89D-4A8B-AF43-6A377B3591AB}.Release|x64.Build.0 = Release|Any CPU
		{884FD893-B89D-4A8B-AF43-6A377B3591AB}.Release|x86.ActiveCfg = Release|Any CPU
		{884FD893-B89D-4A8B-AF43-6A377B3591AB}.Release|x86.Build.0 = Release|Any CPU
		{7D1C19EE-A7F3-494A-8216-AC87E35C52CC}.Debug|Any CPU.ActiveCfg = Debug|Any CPU
		{7D1C19EE-A7F3-494A-8216-AC87E35C52CC}.Debug|Any CPU.Build.0 = Debug|Any CPU
		{7D1C19EE-A7F3-494A-8216-AC87E35C52CC}.Debug|x64.ActiveCfg = Debug|Any CPU
		{7D1C19EE-A7F3-494A-8216-AC87E35C52CC}.Debug|x64.Build.0 = Debug|Any CPU
		{7D1C19EE-A7F3-494A-8216-AC87E35C52CC}.Debug|x86.ActiveCfg = Debug|Any CPU
		{7D1C19EE-A7F3-494A-8216-AC87E35C52CC}.Debug|x86.Build.0 = Debug|Any CPU
		{7D1C19EE-A7F3-494A-8216-AC87E35C52CC}.Release|Any CPU.ActiveCfg = Release|Any CPU
		{7D1C19EE-A7F3-494A-8216-AC87E35C52CC}.Release|Any CPU.Build.0 = Release|Any CPU
		{7D1C19EE-A7F3-494A-8216-AC87E35C52CC}.Release|x64.ActiveCfg = Release|Any CPU
		{7D1C19EE-A7F3-494A-8216-AC87E35C52CC}.Release|x64.Build.0 = Release|Any CPU
		{7D1C19EE-A7F3-494A-8216-AC87E35C52CC}.Release|x86.ActiveCfg = Release|Any CPU
		{7D1C19EE-A7F3-494A-8216-AC87E35C52CC}.Release|x86.Build.0 = Release|Any CPU
		{C1D7FA61-17C2-42E0-84BC-F99F7C8D556C}.Debug|Any CPU.ActiveCfg = Debug|Any CPU
		{C1D7FA61-17C2-42E0-84BC-F99F7C8D556C}.Debug|Any CPU.Build.0 = Debug|Any CPU
		{C1D7FA61-17C2-42E0-84BC-F99F7C8D556C}.Debug|x64.ActiveCfg = Debug|Any CPU
		{C1D7FA61-17C2-42E0-84BC-F99F7C8D556C}.Debug|x64.Build.0 = Debug|Any CPU
		{C1D7FA61-17C2-42E0-84BC-F99F7C8D556C}.Debug|x86.ActiveCfg = Debug|Any CPU
		{C1D7FA61-17C2-42E0-84BC-F99F7C8D556C}.Debug|x86.Build.0 = Debug|Any CPU
		{C1D7FA61-17C2-42E0-84BC-F99F7C8D556C}.Release|Any CPU.ActiveCfg = Release|Any CPU
		{C1D7FA61-17C2-42E0-84BC-F99F7C8D556C}.Release|Any CPU.Build.0 = Release|Any CPU
		{C1D7FA61-17C2-42E0-84BC-F99F7C8D556C}.Release|x64.ActiveCfg = Release|Any CPU
		{C1D7FA61-17C2-42E0-84BC-F99F7C8D556C}.Release|x64.Build.0 = Release|Any CPU
		{C1D7FA61-17C2-42E0-84BC-F99F7C8D556C}.Release|x86.ActiveCfg = Release|Any CPU
		{C1D7FA61-17C2-42E0-84BC-F99F7C8D556C}.Release|x86.Build.0 = Release|Any CPU
		{CBF70C67-1DE7-44BF-8B19-F85AC26653A5}.Debug|Any CPU.ActiveCfg = Debug|Any CPU
		{CBF70C67-1DE7-44BF-8B19-F85AC26653A5}.Debug|Any CPU.Build.0 = Debug|Any CPU
		{CBF70C67-1DE7-44BF-8B19-F85AC26653A5}.Debug|x64.ActiveCfg = Debug|Any CPU
		{CBF70C67-1DE7-44BF-8B19-F85AC26653A5}.Debug|x64.Build.0 = Debug|Any CPU
		{CBF70C67-1DE7-44BF-8B19-F85AC26653A5}.Debug|x86.ActiveCfg = Debug|Any CPU
		{CBF70C67-1DE7-44BF-8B19-F85AC26653A5}.Debug|x86.Build.0 = Debug|Any CPU
		{CBF70C67-1DE7-44BF-8B19-F85AC26653A5}.Release|Any CPU.ActiveCfg = Release|Any CPU
		{CBF70C67-1DE7-44BF-8B19-F85AC26653A5}.Release|Any CPU.Build.0 = Release|Any CPU
		{CBF70C67-1DE7-44BF-8B19-F85AC26653A5}.Release|x64.ActiveCfg = Release|Any CPU
		{CBF70C67-1DE7-44BF-8B19-F85AC26653A5}.Release|x64.Build.0 = Release|Any CPU
		{CBF70C67-1DE7-44BF-8B19-F85AC26653A5}.Release|x86.ActiveCfg = Release|Any CPU
		{CBF70C67-1DE7-44BF-8B19-F85AC26653A5}.Release|x86.Build.0 = Release|Any CPU
		{A28326D9-03DA-42E0-9B2B-DB6EE45D1029}.Debug|Any CPU.ActiveCfg = Debug|Any CPU
		{A28326D9-03DA-42E0-9B2B-DB6EE45D1029}.Debug|Any CPU.Build.0 = Debug|Any CPU
		{A28326D9-03DA-42E0-9B2B-DB6EE45D1029}.Debug|x64.ActiveCfg = Debug|Any CPU
		{A28326D9-03DA-42E0-9B2B-DB6EE45D1029}.Debug|x64.Build.0 = Debug|Any CPU
		{A28326D9-03DA-42E0-9B2B-DB6EE45D1029}.Debug|x86.ActiveCfg = Debug|Any CPU
		{A28326D9-03DA-42E0-9B2B-DB6EE45D1029}.Debug|x86.Build.0 = Debug|Any CPU
		{A28326D9-03DA-42E0-9B2B-DB6EE45D1029}.Release|Any CPU.ActiveCfg = Release|Any CPU
		{A28326D9-03DA-42E0-9B2B-DB6EE45D1029}.Release|Any CPU.Build.0 = Release|Any CPU
		{A28326D9-03DA-42E0-9B2B-DB6EE45D1029}.Release|x64.ActiveCfg = Release|Any CPU
		{A28326D9-03DA-42E0-9B2B-DB6EE45D1029}.Release|x64.Build.0 = Release|Any CPU
		{A28326D9-03DA-42E0-9B2B-DB6EE45D1029}.Release|x86.ActiveCfg = Release|Any CPU
		{A28326D9-03DA-42E0-9B2B-DB6EE45D1029}.Release|x86.Build.0 = Release|Any CPU
		{B9AD3563-795F-4548-AE2F-B65EDE7F9ED3}.Debug|Any CPU.ActiveCfg = Debug|Any CPU
		{B9AD3563-795F-4548-AE2F-B65EDE7F9ED3}.Debug|Any CPU.Build.0 = Debug|Any CPU
		{B9AD3563-795F-4548-AE2F-B65EDE7F9ED3}.Debug|x64.ActiveCfg = Debug|Any CPU
		{B9AD3563-795F-4548-AE2F-B65EDE7F9ED3}.Debug|x64.Build.0 = Debug|Any CPU
		{B9AD3563-795F-4548-AE2F-B65EDE7F9ED3}.Debug|x86.ActiveCfg = Debug|Any CPU
		{B9AD3563-795F-4548-AE2F-B65EDE7F9ED3}.Debug|x86.Build.0 = Debug|Any CPU
		{B9AD3563-795F-4548-AE2F-B65EDE7F9ED3}.Release|Any CPU.ActiveCfg = Release|Any CPU
		{B9AD3563-795F-4548-AE2F-B65EDE7F9ED3}.Release|Any CPU.Build.0 = Release|Any CPU
		{B9AD3563-795F-4548-AE2F-B65EDE7F9ED3}.Release|x64.ActiveCfg = Release|Any CPU
		{B9AD3563-795F-4548-AE2F-B65EDE7F9ED3}.Release|x64.Build.0 = Release|Any CPU
		{B9AD3563-795F-4548-AE2F-B65EDE7F9ED3}.Release|x86.ActiveCfg = Release|Any CPU
		{B9AD3563-795F-4548-AE2F-B65EDE7F9ED3}.Release|x86.Build.0 = Release|Any CPU
		{1F8AA0C9-5035-4919-A6AF-A711BCBFCBFB}.Debug|Any CPU.ActiveCfg = Debug|Any CPU
		{1F8AA0C9-5035-4919-A6AF-A711BCBFCBFB}.Debug|Any CPU.Build.0 = Debug|Any CPU
		{1F8AA0C9-5035-4919-A6AF-A711BCBFCBFB}.Debug|x64.ActiveCfg = Debug|Any CPU
		{1F8AA0C9-5035-4919-A6AF-A711BCBFCBFB}.Debug|x64.Build.0 = Debug|Any CPU
		{1F8AA0C9-5035-4919-A6AF-A711BCBFCBFB}.Debug|x86.ActiveCfg = Debug|Any CPU
		{1F8AA0C9-5035-4919-A6AF-A711BCBFCBFB}.Debug|x86.Build.0 = Debug|Any CPU
		{1F8AA0C9-5035-4919-A6AF-A711BCBFCBFB}.Release|Any CPU.ActiveCfg = Release|Any CPU
		{1F8AA0C9-5035-4919-A6AF-A711BCBFCBFB}.Release|Any CPU.Build.0 = Release|Any CPU
		{1F8AA0C9-5035-4919-A6AF-A711BCBFCBFB}.Release|x64.ActiveCfg = Release|Any CPU
		{1F8AA0C9-5035-4919-A6AF-A711BCBFCBFB}.Release|x64.Build.0 = Release|Any CPU
		{1F8AA0C9-5035-4919-A6AF-A711BCBFCBFB}.Release|x86.ActiveCfg = Release|Any CPU
		{1F8AA0C9-5035-4919-A6AF-A711BCBFCBFB}.Release|x86.Build.0 = Release|Any CPU
	EndGlobalSection
	GlobalSection(SolutionProperties) = preSolution
		HideSolutionNode = FALSE
	EndGlobalSection
	GlobalSection(NestedProjects) = preSolution
		{90298CBA-BD6F-3A0A-69D5-97CAD7B05E7E} = {827E0CD3-B72D-47B6-A68D-7590B98EB39B}
		{9B0ADD98-0E63-9750-280A-48342DDF7C47} = {90298CBA-BD6F-3A0A-69D5-97CAD7B05E7E}
		{97D99739-9ED0-44FE-BA65-DA7481943713} = {9B0ADD98-0E63-9750-280A-48342DDF7C47}
		{A5E877BC-15B7-444D-8C48-A06E37F36C42} = {9B0ADD98-0E63-9750-280A-48342DDF7C47}
		{984BB9B3-3FA3-BE33-9484-CAC21695A33C} = {827E0CD3-B72D-47B6-A68D-7590B98EB39B}
		{4123167B-43F7-B7D6-9F7F-37C16FB29096} = {984BB9B3-3FA3-BE33-9484-CAC21695A33C}
		{055958FA-12D9-F84C-B808-F969C633E4FB} = {4123167B-43F7-B7D6-9F7F-37C16FB29096}
		{6371007C-D778-4AFF-92BE-1D2C226B6244} = {055958FA-12D9-F84C-B808-F969C633E4FB}
		{A4547A8C-CFEE-4439-AECA-E33516284B97} = {055958FA-12D9-F84C-B808-F969C633E4FB}
		{D9E6B40A-A235-478B-A2AC-57BE1DDFD101} = {055958FA-12D9-F84C-B808-F969C633E4FB}
		{580B32A4-E0E1-47EB-9D0C-1C0F70F21E5F} = {055958FA-12D9-F84C-B808-F969C633E4FB}
		{043C1586-26EF-4CE0-C5B7-3EE4F28F94D1} = {984BB9B3-3FA3-BE33-9484-CAC21695A33C}
		{874A69F5-A2F7-CA22-2384-6E3BD75FB51C} = {043C1586-26EF-4CE0-C5B7-3EE4F28F94D1}
		{3C534640-E3C7-481F-9ED3-88C9360412B9} = {874A69F5-A2F7-CA22-2384-6E3BD75FB51C}
		{51062892-7D78-41DF-8BC1-9EE460AF34A3} = {874A69F5-A2F7-CA22-2384-6E3BD75FB51C}
		{FF3DC20D-61D5-4973-90A7-DC2CA9A928EE} = {874A69F5-A2F7-CA22-2384-6E3BD75FB51C}
		{DE52F341-CD17-4471-A18E-7EED4D82F5F5} = {874A69F5-A2F7-CA22-2384-6E3BD75FB51C}
		{C5FBE174-8E0F-F5A3-B929-8BD0C55C0A32} = {984BB9B3-3FA3-BE33-9484-CAC21695A33C}
		{6F2D7AFA-4FF9-1B1B-07A4-88393CF8DB10} = {C5FBE174-8E0F-F5A3-B929-8BD0C55C0A32}
		{3FCC4B5A-4F91-485A-9329-AC36C085148A} = {6F2D7AFA-4FF9-1B1B-07A4-88393CF8DB10}
		{F794BF82-719D-4577-B24E-B4565B8B70BC} = {6F2D7AFA-4FF9-1B1B-07A4-88393CF8DB10}
		{250597DD-16EC-4C08-B094-DFA0B35A8252} = {6F2D7AFA-4FF9-1B1B-07A4-88393CF8DB10}
		{19044FE2-960A-454F-91BF-95E7EAEB047D} = {6F2D7AFA-4FF9-1B1B-07A4-88393CF8DB10}
		{3FB03296-F262-2760-9861-73C41AF3766C} = {984BB9B3-3FA3-BE33-9484-CAC21695A33C}
		{4BB25395-6FE0-213C-62F1-09039875A38E} = {3FB03296-F262-2760-9861-73C41AF3766C}
		{D0297EEC-FD62-45A9-B74A-E7F69EBDEDE3} = {4BB25395-6FE0-213C-62F1-09039875A38E}
		{26B8C0E3-0CDA-40AA-B35B-65B2DE0A7666} = {4BB25395-6FE0-213C-62F1-09039875A38E}
		{2DF11C50-472F-4DEE-B737-BDBCEB4BD2F5} = {4BB25395-6FE0-213C-62F1-09039875A38E}
		{53E9A2A3-4F49-4880-BA7E-8C448C02EEA9} = {4BB25395-6FE0-213C-62F1-09039875A38E}
		{7FA97589-0A12-C29B-5968-E3BA5EF421E8} = {0AB3BF05-4346-4AA6-1389-037BE0695223}
		{1685B510-3AB5-4864-AFAF-5278D85FCD68} = {7FA97589-0A12-C29B-5968-E3BA5EF421E8}
		{1A0033E5-5E3D-4992-A264-725AD94B4DCC} = {7FA97589-0A12-C29B-5968-E3BA5EF421E8}
		{2D550A71-2708-4292-9E45-7CD7F4582803} = {7FA97589-0A12-C29B-5968-E3BA5EF421E8}
		{F37AADDB-AE07-472D-8A77-CC6535AAC25A} = {7FA97589-0A12-C29B-5968-E3BA5EF421E8}
		{884FD893-B89D-4A8B-AF43-6A377B3591AB} = {7FA97589-0A12-C29B-5968-E3BA5EF421E8}
		{A87B60BB-9197-0D74-699B-A61BF49232C6} = {984BB9B3-3FA3-BE33-9484-CAC21695A33C}
		{63E123E5-709D-BDAF-13AD-4FE2C17260C1} = {A87B60BB-9197-0D74-699B-A61BF49232C6}
		{7D1C19EE-A7F3-494A-8216-AC87E35C52CC} = {63E123E5-709D-BDAF-13AD-4FE2C17260C1}
		{93523F98-43EC-5FD0-F11E-C4ECC90D222D} = {A87B60BB-9197-0D74-699B-A61BF49232C6}
		{C1D7FA61-17C2-42E0-84BC-F99F7C8D556C} = {93523F98-43EC-5FD0-F11E-C4ECC90D222D}
		{64D195B9-4B96-3F87-8D32-BCC4A3580065} = {A87B60BB-9197-0D74-699B-A61BF49232C6}
		{CBF70C67-1DE7-44BF-8B19-F85AC26653A5} = {64D195B9-4B96-3F87-8D32-BCC4A3580065}
		{74E99C9A-2140-2024-449B-E1B6138430FF} = {A87B60BB-9197-0D74-699B-A61BF49232C6}
		{A28326D9-03DA-42E0-9B2B-DB6EE45D1029} = {74E99C9A-2140-2024-449B-E1B6138430FF}
		{601C6CD0-CCB6-5718-B264-E0E3A6B56641} = {0AB3BF05-4346-4AA6-1389-037BE0695223}
		{B9AD3563-795F-4548-AE2F-B65EDE7F9ED3} = {601C6CD0-CCB6-5718-B264-E0E3A6B56641}
		{FCA01246-F2C6-0AA7-D43F-FD13BE0B9D88} = {827E0CD3-B72D-47B6-A68D-7590B98EB39B}
		{1F8AA0C9-5035-4919-A6AF-A711BCBFCBFB} = {FCA01246-F2C6-0AA7-D43F-FD13BE0B9D88}
	EndGlobalSection
EndGlobal
